
Microsoft Visual Studio Solution File, Format Version 12.00
# Visual Studio 14
VisualStudioVersion = 14.0.25420.1
MinimumVisualStudioVersion = 10.0.40219.1
Project("{FAE04EC0-301F-11D3-BF4B-00C04F79EFBC}") = "JRBackup_Service", "JRBackup_Service\JRBackup_Service.csproj", "{04802A9C-CBF7-4F00-8F1B-9A761CFF44E3}"
EndProject
Project("{54435603-DBB4-11D2-8724-00A0C9A8B90C}") = "JRBackupSetup", "JRBackupSetup\JRBackupSetup.vdproj", "{4E9FED32-E567-4447-8B19-1E877A7CF828}"
EndProject
Global
	GlobalSection(SolutionConfigurationPlatforms) = preSolution
		Debug|Any CPU = Debug|Any CPU
		Release|Any CPU = Release|Any CPU
	EndGlobalSection
	GlobalSection(ProjectConfigurationPlatforms) = postSolution
		{04802A9C-CBF7-4F00-8F1B-9A761CFF44E3}.Debug|Any CPU.ActiveCfg = Debug|Any CPU
		{04802A9C-CBF7-4F00-8F1B-9A761CFF44E3}.Debug|Any CPU.Build.0 = Debug|Any CPU
		{04802A9C-CBF7-4F00-8F1B-9A761CFF44E3}.Release|Any CPU.ActiveCfg = Release|Any CPU
		{04802A9C-CBF7-4F00-8F1B-9A761CFF44E3}.Release|Any CPU.Build.0 = Release|Any CPU
		{4E9FED32-E567-4447-8B19-1E877A7CF828}.Debug|Any CPU.ActiveCfg = Debug
		{4E9FED32-E567-4447-8B19-1E877A7CF828}.Debug|Any CPU.Build.0 = Debug
		{4E9FED32-E567-4447-8B19-1E877A7CF828}.Release|Any CPU.ActiveCfg = Release
	EndGlobalSection
	GlobalSection(SolutionProperties) = preSolution
		HideSolutionNode = FALSE
	EndGlobalSection
EndGlobal
